<?xml version="1.0" encoding="utf-8"?>
<Project ToolsVersion="4.0" xmlns="http://schemas.microsoft.com/developer/msbuild/2003">
  <ItemGroup>
    <Filter Include="Source Files">
      <UniqueIdentifier>{581f16fc-f76b-4485-a96e-fe628a88daee}</UniqueIdentifier>
      <Extensions>cpp;c;cxx;rc;def;r;odl;idl;hpj;bat</Extensions>
    </Filter>
    <Filter Include="Header Files">
      <UniqueIdentifier>{eab2fbbe-aed4-4c2b-8db7-d0b7f225f834}</UniqueIdentifier>
      <Extensions>h;hpp;hxx;hm;inl</Extensions>
    </Filter>
    <Filter Include="Resource Files">
      <UniqueIdentifier>{c9bc3463-51e6-44f1-9c68-1cda888991d0}</UniqueIdentifier>
      <Extensions>ico;cur;bmp;dlg;rc2;rct;bin;rgs;gif;jpg;jpeg;jpe</Extensions>
    </Filter>
  </ItemGroup>
  <ItemGroup>
    <ClCompile Include="BitmapRender.cpp">
      <Filter>Source Files</Filter>
    </ClCompile>
    <ClCompile Include="MainFrm.cpp">
      <Filter>Source Files</Filter>
    </ClCompile>
    <ClCompile Include="StdAfx.cpp">
      <Filter>Source Files</Filter>
    </ClCompile>
    <ClCompile Include="TweetyFeatureControl.cpp">
      <Filter>Source Files</Filter>
    </ClCompile>
    <ClCompile Include="VidUSB2.cpp">
      <Filter>Source Files</Filter>
    </ClCompile>
    <ClCompile Include="VidUSB2Doc.cpp">
      <Filter>Source Files</Filter>
    </ClCompile>
    <ClCompile Include="VidUSB2View.cpp">
      <Filter>Source Files</Filter>
    </ClCompile>
    <ClCompile Include="XMessageBox.cpp">
      <Filter>Source Files</Filter>
    </ClCompile>
    <ClCompile Include="Selectdev.cpp">
      <Filter>Source Files</Filter>
    </ClCompile>
  </ItemGroup>
  <ItemGroup>
    <ResourceCompile Include="VidUSB2.rc">
      <Filter>Source Files</Filter>
    </ResourceCompile>
  </ItemGroup>
  <ItemGroup>
    <ClInclude Include="BitmapRender.h">
      <Filter>Header Files</Filter>
    </ClInclude>
    <ClInclude Include="MainFrm.h">
      <Filter>Header Files</Filter>
    </ClInclude>
    <ClInclude Include="Resource.h">
      <Filter>Header Files</Filter>
    </ClInclude>
    <ClInclude Include="StdAfx.h">
      <Filter>Header Files</Filter>
    </ClInclude>
    <ClInclude Include="TweetyFeatureControl.h">
      <Filter>Header Files</Filter>
    </ClInclude>
    <ClInclude Include="VidUSB2.h">
      <Filter>Header Files</Filter>
    </ClInclude>
    <ClInclude Include="VidUSB2Doc.h">
      <Filter>Header Files</Filter>
    </ClInclude>
    <ClInclude Include="vidusb2io.h">
      <Filter>Header Files</Filter>
    </ClInclude>
    <ClInclude Include="VidUSB2View.h">
      <Filter>Header Files</Filter>
    </ClInclude>
    <ClInclude Include="XMessageBox.h">
      <Filter>Header Files</Filter>
    </ClInclude>
    <ClInclude Include="XTrace.h">
      <Filter>Header Files</Filter>
    </ClInclude>
    <ClInclude Include="mygdiplus.h">
      <Filter>Header Files</Filter>
    </ClInclude>
    <ClInclude Include="AltSettingDlg.h">
      <Filter>Header Files</Filter>
    </ClInclude>
    <ClInclude Include="Selectdev.h">
      <Filter>Header Files</Filter>
    </ClInclude>
    <ClInclude Include="VISUSB3FeatureControl.h">
      <Filter>Header Files</Filter>
    </ClInclude>
  </ItemGroup>
  <ItemGroup>
    <None Include="res\bitmap_i.bmp">
      <Filter>Resource Files</Filter>
    </None>
    <None Include="res\Button.bmp">
      <Filter>Resource Files</Filter>
    </None>
    <None Include="res\icon.bmp">
      <Filter>Resource Files</Filter>
    </None>
    <None Include="nodrop.cur">
      <Filter>Resource Files</Filter>
    </None>
    <None Include="res\Toolbar.bmp">
      <Filter>Resource Files</Filter>
    </None>
    <None Include="res\VidLogo-16.ico">
      <Filter>Resource Files</Filter>
    </None>
    <None Include="res\VidLogo-256.ico">
      <Filter>Resource Files</Filter>
    </None>
    <None Include="res\VidLogo-32.ico">
      <Filter>Resource Files</Filter>
    </None>
    <None Include="res\VidLogo-8.ico">
      <Filter>Resource Files</Filter>
    </None>
    <None Include="res\VidUSB2.ico">
      <Filter>Resource Files</Filter>
    </None>
    <None Include="res\VidUSB2.rc2">
      <Filter>Resource Files</Filter>
    </None>
    <None Include="res\VidUSB2Doc.ico">
      <Filter>Resource Files</Filter>
    </None>
    <None Include="ReadMe.txt" />
  </ItemGroup>
  <ItemGroup>
    <Image Include="res\FX3.ico">
      <Filter>Resource Files</Filter>
    </Image>
  </ItemGroup>
</Project>