
Microsoft Visual Studio Solution File, Format Version 11.00
# Visual Studio 2010
Project("{8BC9CEB8-8B4A-11D0-8D11-00A0C91BC942}") = "include", "include.vcxproj", "{715C70F1-15F5-487C-9680-5E2802C9D65B}"
EndProject
Global
	GlobalSection(SolutionConfigurationPlatforms) = preSolution
		Debug|Win32 = Debug|Win32
		Release|Win32 = Release|Win32
	EndGlobalSection
	GlobalSection(ProjectConfigurationPlatforms) = postSolution
		{715C70F1-15F5-487C-9680-5E2802C9D65B}.Debug|Win32.ActiveCfg = Debug|Win32
		{715C70F1-15F5-487C-9680-5E2802C9D65B}.Debug|Win32.Build.0 = Debug|Win32
		{715C70F1-15F5-487C-9680-5E2802C9D65B}.Release|Win32.ActiveCfg = Release|Win32
		{715C70F1-15F5-487C-9680-5E2802C9D65B}.Release|Win32.Build.0 = Release|Win32
	EndGlobalSection
	GlobalSection(SolutionProperties) = preSolution
		HideSolutionNode = FALSE
	EndGlobalSection
EndGlobal
